// !$*UTF8*$!
{
	archiveVersion = 1;
	classes = {
	};
	objectVersion = 46;
	objects = {

/* Begin PBXBuildFile section */
		48D5B43B1AC05F11008D370E /* Main_iPad.storyboard in Resources */ = {isa = PBXBuildFile; fileRef = 48D5B4391AC05F11008D370E /* Main_iPad.storyboard */; };
		A33074E21AA368C7006054E3 /* Level_10_1.json in Resources */ = {isa = PBXBuildFile; fileRef = A33074AB1AA368C7006054E3 /* Level_10_1.json */; };
		A33074E31AA368C8006054E3 /* Level_11_1.json in Resources */ = {isa = PBXBuildFile; fileRef = A33074AC1AA368C7006054E3 /* Level_11_1.json */; };
		A33074E41AA368C8006054E3 /* Level_12_1.json in Resources */ = {isa = PBXBuildFile; fileRef = A33074AD1AA368C7006054E3 /* Level_12_1.json */; };
		A33074E51AA368C8006054E3 /* Level_13_1.json in Resources */ = {isa = PBXBuildFile; fileRef = A33074AE1AA368C7006054E3 /* Level_13_1.json */; };
		A33074E61AA368C8006054E3 /* Level_14_1.json in Resources */ = {isa = PBXBuildFile; fileRef = A33074AF1AA368C7006054E3 /* Level_14_1.json */; };
		A33074E71AA368C8006054E3 /* Level_15_1.json in Resources */ = {isa = PBXBuildFile; fileRef = A33074B01AA368C7006054E3 /* Level_15_1.json */; };
		A33074E81AA368C8006054E3 /* Level_16_1.json in Resources */ = {isa = PBXBuildFile; fileRef = A33074B11AA368C7006054E3 /* Level_16_1.json */; };
		A33074E91AA368C8006054E3 /* Level_17_1.json in Resources */ = {isa = PBXBuildFile; fileRef = A33074B21AA368C7006054E3 /* Level_17_1.json */; };
		A33074EA1AA368C8006054E3 /* Level_18_1.json in Resources */ = {isa = PBXBuildFile; fileRef = A33074B31AA368C7006054E3 /* Level_18_1.json */; };
		A33074EB1AA368C8006054E3 /* Level_19_1.json in Resources */ = {isa = PBXBuildFile; fileRef = A33074B41AA368C7006054E3 /* Level_19_1.json */; };
		A33074EC1AA368C8006054E3 /* Level_1_1.json in Resources */ = {isa = PBXBuildFile; fileRef = A33074B51AA368C7006054E3 /* Level_1_1.json */; };
		A33074ED1AA368C8006054E3 /* Level_20_1.json in Resources */ = {isa = PBXBuildFile; fileRef = A33074B61AA368C7006054E3 /* Level_20_1.json */; };
		A33074EE1AA368C8006054E3 /* Level_21_1.json in Resources */ = {isa = PBXBuildFile; fileRef = A33074B71AA368C7006054E3 /* Level_21_1.json */; };
		A33074EF1AA368C8006054E3 /* Level_22_1.json in Resources */ = {isa = PBXBuildFile; fileRef = A33074B81AA368C7006054E3 /* Level_22_1.json */; };
		A33074F01AA368C8006054E3 /* Level_23_1.json in Resources */ = {isa = PBXBuildFile; fileRef = A33074B91AA368C7006054E3 /* Level_23_1.json */; };
		A33074F11AA368C8006054E3 /* Level_24_1.json in Resources */ = {isa = PBXBuildFile; fileRef = A33074BA1AA368C7006054E3 /* Level_24_1.json */; };
		A33074F21AA368C8006054E3 /* Level_25_1.json in Resources */ = {isa = PBXBuildFile; fileRef = A33074BB1AA368C7006054E3 /* Level_25_1.json */; };
		A33074F31AA368C8006054E3 /* Level_26_1.json in Resources */ = {isa = PBXBuildFile; fileRef = A33074BC1AA368C7006054E3 /* Level_26_1.json */; };
		A33074F41AA368C8006054E3 /* Level_27_1.json in Resources */ = {isa = PBXBuildFile; fileRef = A33074BD1AA368C7006054E3 /* Level_27_1.json */; };
		A33074F51AA368C8006054E3 /* Level_28_1.json in Resources */ = {isa = PBXBuildFile; fileRef = A33074BE1AA368C7006054E3 /* Level_28_1.json */; };
		A33074F61AA368C8006054E3 /* Level_29_1.json in Resources */ = {isa = PBXBuildFile; fileRef = A33074BF1AA368C7006054E3 /* Level_29_1.json */; };
		A33074F71AA368C8006054E3 /* Level_2_1.json in Resources */ = {isa = PBXBuildFile; fileRef = A33074C01AA368C7006054E3 /* Level_2_1.json */; };
		A33074F81AA368C8006054E3 /* Level_30_1.json in Resources */ = {isa = PBXBuildFile; fileRef = A33074C11AA368C7006054E3 /* Level_30_1.json */; };
		A33074F91AA368C8006054E3 /* Level_31_1.json in Resources */ = {isa = PBXBuildFile; fileRef = A33074C21AA368C7006054E3 /* Level_31_1.json */; };
		A33074FA1AA368C8006054E3 /* Level_32_1.json in Resources */ = {isa = PBXBuildFile; fileRef = A33074C31AA368C7006054E3 /* Level_32_1.json */; };
		A33074FB1AA368C8006054E3 /* Level_33_1.json in Resources */ = {isa = PBXBuildFile; fileRef = A33074C41AA368C7006054E3 /* Level_33_1.json */; };
		A33074FC1AA368C8006054E3 /* Level_34_1.json in Resources */ = {isa = PBXBuildFile; fileRef = A33074C51AA368C7006054E3 /* Level_34_1.json */; };
		A33074FD1AA368C8006054E3 /* Level_35_1.json in Resources */ = {isa = PBXBuildFile; fileRef = A33074C61AA368C7006054E3 /* Level_35_1.json */; };
		A33074FE1AA368C8006054E3 /* Level_36_1.json in Resources */ = {isa = PBXBuildFile; fileRef = A33074C71AA368C7006054E3 /* Level_36_1.json */; };
		A33074FF1AA368C8006054E3 /* Level_37_1.json in Resources */ = {isa = PBXBuildFile; fileRef = A33074C81AA368C7006054E3 /* Level_37_1.json */; };
		A33075001AA368C8006054E3 /* Level_38_1.json in Resources */ = {isa = PBXBuildFile; fileRef = A33074C91AA368C7006054E3 /* Level_38_1.json */; };
		A33075011AA368C8006054E3 /* Level_39_1.json in Resources */ = {isa = PBXBuildFile; fileRef = A33074CA1AA368C7006054E3 /* Level_39_1.json */; };
		A33075021AA368C8006054E3 /* Level_3_1.json in Resources */ = {isa = PBXBuildFile; fileRef = A33074CB1AA368C7006054E3 /* Level_3_1.json */; };
		A33075031AA368C8006054E3 /* Level_40_1.json in Resources */ = {isa = PBXBuildFile; fileRef = A33074CC1AA368C7006054E3 /* Level_40_1.json */; };
		A33075041AA368C8006054E3 /* Level_41_1.json in Resources */ = {isa = PBXBuildFile; fileRef = A33074CD1AA368C7006054E3 /* Level_41_1.json */; };
		A33075051AA368C8006054E3 /* Level_42_1.json in Resources */ = {isa = PBXBuildFile; fileRef = A33074CE1AA368C7006054E3 /* Level_42_1.json */; };
		A33075061AA368C8006054E3 /* Level_43_1.json in Resources */ = {isa = PBXBuildFile; fileRef = A33074CF1AA368C7006054E3 /* Level_43_1.json */; };
		A33075071AA368C8006054E3 /* Level_44_1.json in Resources */ = {isa = PBXBuildFile; fileRef = A33074D01AA368C7006054E3 /* Level_44_1.json */; };
		A33075081AA368C8006054E3 /* Level_45_1.json in Resources */ = {isa = PBXBuildFile; fileRef = A33074D11AA368C7006054E3 /* Level_45_1.json */; };
		A33075091AA368C8006054E3 /* Level_46_1.json in Resources */ = {isa = PBXBuildFile; fileRef = A33074D21AA368C7006054E3 /* Level_46_1.json */; };
		A330750A1AA368C8006054E3 /* Level_47_1.json in Resources */ = {isa = PBXBuildFile; fileRef = A33074D31AA368C7006054E3 /* Level_47_1.json */; };
		A330750B1AA368C8006054E3 /* Level_48_1.json in Resources */ = {isa = PBXBuildFile; fileRef = A33074D41AA368C7006054E3 /* Level_48_1.json */; };
		A330750C1AA368C8006054E3 /* Level_49_1.json in Resources */ = {isa = PBXBuildFile; fileRef = A33074D51AA368C7006054E3 /* Level_49_1.json */; };
		A330750D1AA368C8006054E3 /* Level_4_1.json in Resources */ = {isa = PBXBuildFile; fileRef = A33074D61AA368C7006054E3 /* Level_4_1.json */; };
		A330750E1AA368C8006054E3 /* Level_50_1.json in Resources */ = {isa = PBXBuildFile; fileRef = A33074D71AA368C7006054E3 /* Level_50_1.json */; };
		A330750F1AA368C8006054E3 /* Level_51_1.json in Resources */ = {isa = PBXBuildFile; fileRef = A33074D81AA368C7006054E3 /* Level_51_1.json */; };
		A33075101AA368C8006054E3 /* Level_52_1.json in Resources */ = {isa = PBXBuildFile; fileRef = A33074D91AA368C7006054E3 /* Level_52_1.json */; };
		A33075111AA368C8006054E3 /* Level_53_1.json in Resources */ = {isa = PBXBuildFile; fileRef = A33074DA1AA368C7006054E3 /* Level_53_1.json */; };
		A33075121AA368C8006054E3 /* Level_54_1.json in Resources */ = {isa = PBXBuildFile; fileRef = A33074DB1AA368C7006054E3 /* Level_54_1.json */; };
		A33075131AA368C8006054E3 /* Level_55_1.json in Resources */ = {isa = PBXBuildFile; fileRef = A33074DC1AA368C7006054E3 /* Level_55_1.json */; };
		A33075141AA368C8006054E3 /* Level_5_1.json in Resources */ = {isa = PBXBuildFile; fileRef = A33074DD1AA368C7006054E3 /* Level_5_1.json */; };
		A33075151AA368C8006054E3 /* Level_6_1.json in Resources */ = {isa = PBXBuildFile; fileRef = A33074DE1AA368C7006054E3 /* Level_6_1.json */; };
		A33075161AA368C8006054E3 /* Level_7_1.json in Resources */ = {isa = PBXBuildFile; fileRef = A33074DF1AA368C7006054E3 /* Level_7_1.json */; };
		A33075171AA368C8006054E3 /* Level_8_1.json in Resources */ = {isa = PBXBuildFile; fileRef = A33074E01AA368C7006054E3 /* Level_8_1.json */; };
		A33075181AA368C8006054E3 /* Level_9_1.json in Resources */ = {isa = PBXBuildFile; fileRef = A33074E11AA368C7006054E3 /* Level_9_1.json */; };
		A33075201AA36923006054E3 /* Level_56_1.json in Resources */ = {isa = PBXBuildFile; fileRef = A330751A1AA36923006054E3 /* Level_56_1.json */; };
		A33075211AA36923006054E3 /* Level_57_1.json in Resources */ = {isa = PBXBuildFile; fileRef = A330751B1AA36923006054E3 /* Level_57_1.json */; };
		A33075221AA36923006054E3 /* Level_58_1.json in Resources */ = {isa = PBXBuildFile; fileRef = A330751C1AA36923006054E3 /* Level_58_1.json */; };
		A33075231AA36923006054E3 /* Level_59_1.json in Resources */ = {isa = PBXBuildFile; fileRef = A330751D1AA36923006054E3 /* Level_59_1.json */; };
		A33075241AA36923006054E3 /* Level_60_1.json in Resources */ = {isa = PBXBuildFile; fileRef = A330751E1AA36923006054E3 /* Level_60_1.json */; };
		A330AC831AC3B1F4007C2EE7 /* CustomActivityProvider.m in Sources */ = {isa = PBXBuildFile; fileRef = A330AC7E1AC3B1F4007C2EE7 /* CustomActivityProvider.m */; };
		A330AC841AC3B1F4007C2EE7 /* iAdViewController.m in Sources */ = {isa = PBXBuildFile; fileRef = A330AC811AC3B1F4007C2EE7 /* iAdViewController.m */; };
		A330AC851AC3B1F4007C2EE7 /* iAdViewController.xib in Resources */ = {isa = PBXBuildFile; fileRef = A330AC821AC3B1F4007C2EE7 /* iAdViewController.xib */; };
		A364EF5319EFFF30005EF1D6 /* Crashlytics.framework in Frameworks */ = {isa = PBXBuildFile; fileRef = A364EF5219EFFF30005EF1D6 /* Crashlytics.framework */; };
		A364EF7919F01D75005EF1D6 /* GameStateManager.m in Sources */ = {isa = PBXBuildFile; fileRef = A364EF7819F01D75005EF1D6 /* GameStateManager.m */; };
		A369340B1A2CB52B001C9BB1 /* WUNObstacle.m in Sources */ = {isa = PBXBuildFile; fileRef = A369340A1A2CB52B001C9BB1 /* WUNObstacle.m */; };
		A369340E1A2CB6DD001C9BB1 /* WUNBase.m in Sources */ = {isa = PBXBuildFile; fileRef = A369340D1A2CB6DD001C9BB1 /* WUNBase.m */; };
		A36934111A2CB9E5001C9BB1 /* WUNObstacle1.m in Sources */ = {isa = PBXBuildFile; fileRef = A36934101A2CB9E5001C9BB1 /* WUNObstacle1.m */; };
		A36F9A3B19DD9E4100419500 /* WUNSmily.m in Sources */ = {isa = PBXBuildFile; fileRef = A36F9A3A19DD9E4100419500 /* WUNSmily.m */; };
		A36F9A3E19DD9E5800419500 /* WUNWall.m in Sources */ = {isa = PBXBuildFile; fileRef = A36F9A3D19DD9E5800419500 /* WUNWall.m */; };
		A36F9A4119DD9E6C00419500 /* WUNHole.m in Sources */ = {isa = PBXBuildFile; fileRef = A36F9A4019DD9E6C00419500 /* WUNHole.m */; };
		A3C891A719E428D500A12D36 /* stage_1.json in Resources */ = {isa = PBXBuildFile; fileRef = A3C891A619E428D500A12D36 /* stage_1.json */; };
		A3C891AA19E4298B00A12D36 /* WUNStageModel.m in Sources */ = {isa = PBXBuildFile; fileRef = A3C891A919E4298B00A12D36 /* WUNStageModel.m */; };
		A3C891AD19E42A5D00A12D36 /* LevelSelectionViewController.m in Sources */ = {isa = PBXBuildFile; fileRef = A3C891AC19E42A5D00A12D36 /* LevelSelectionViewController.m */; };
		A3C891B019E42DD200A12D36 /* CustomCollectionViewCell.m in Sources */ = {isa = PBXBuildFile; fileRef = A3C891AF19E42DD200A12D36 /* CustomCollectionViewCell.m */; };
		A3C891B319E42F1800A12D36 /* Utility.m in Sources */ = {isa = PBXBuildFile; fileRef = A3C891B219E42F1800A12D36 /* Utility.m */; };
		A3C891B619E42FDD00A12D36 /* WUNLevelModel.m in Sources */ = {isa = PBXBuildFile; fileRef = A3C891B519E42FDD00A12D36 /* WUNLevelModel.m */; };
		A3C891BA19E5932400A12D36 /* MailComposerManager.m in Sources */ = {isa = PBXBuildFile; fileRef = A3C891B919E5932400A12D36 /* MailComposerManager.m */; };
		A3CC20B719D6C9520067A847 /* main.m in Sources */ = {isa = PBXBuildFile; fileRef = A3CC20B619D6C9520067A847 /* main.m */; };
		A3CC20BA19D6C9520067A847 /* AppDelegate.m in Sources */ = {isa = PBXBuildFile; fileRef = A3CC20B919D6C9520067A847 /* AppDelegate.m */; };
		A3CC20BD19D6C9520067A847 /* GameScene.m in Sources */ = {isa = PBXBuildFile; fileRef = A3CC20BC19D6C9520067A847 /* GameScene.m */; };
		A3CC20BF19D6C9520067A847 /* GameScene.sks in Resources */ = {isa = PBXBuildFile; fileRef = A3CC20BE19D6C9520067A847 /* GameScene.sks */; };
		A3CC20C219D6C9520067A847 /* GameViewController.m in Sources */ = {isa = PBXBuildFile; fileRef = A3CC20C119D6C9520067A847 /* GameViewController.m */; };
		A3CC20C519D6C9520067A847 /* Main.storyboard in Resources */ = {isa = PBXBuildFile; fileRef = A3CC20C319D6C9520067A847 /* Main.storyboard */; };
		A3CC20C719D6C9520067A847 /* Images.xcassets in Resources */ = {isa = PBXBuildFile; fileRef = A3CC20C619D6C9520067A847 /* Images.xcassets */; };
		A3CC20CA19D6C9520067A847 /* LaunchScreen.xib in Resources */ = {isa = PBXBuildFile; fileRef = A3CC20C819D6C9520067A847 /* LaunchScreen.xib */; };
		A3CC20EE19D6E0FB0067A847 /* GameConfigManager.m in Sources */ = {isa = PBXBuildFile; fileRef = A3CC20E819D6E0FB0067A847 /* GameConfigManager.m */; };
		A3CC20F819DAF3B20067A847 /* WUNObject.m in Sources */ = {isa = PBXBuildFile; fileRef = A3CC20F319DAF3B20067A847 /* WUNObject.m */; };
		A3CC20F919DAF3B20067A847 /* WUNLevel.m in Sources */ = {isa = PBXBuildFile; fileRef = A3CC20F519DAF3B20067A847 /* WUNLevel.m */; };
		A3CC20FA19DAF3B20067A847 /* WUNTile.m in Sources */ = {isa = PBXBuildFile; fileRef = A3CC20F719DAF3B20067A847 /* WUNTile.m */; };
		A3CC20FD19DAF5B90067A847 /* WUNSwap.m in Sources */ = {isa = PBXBuildFile; fileRef = A3CC20FC19DAF5B90067A847 /* WUNSwap.m */; };
		A3CC210A19DAF7410067A847 /* Sprites.atlas in Resources */ = {isa = PBXBuildFile; fileRef = A3CC210919DAF7410067A847 /* Sprites.atlas */; };
		A3CDD3381AB9A87800AB75B4 /* back_to_home.png in Resources */ = {isa = PBXBuildFile; fileRef = A3CDD32D1AB9A87800AB75B4 /* back_to_home.png */; };
		A3CDD3391AB9A87800AB75B4 /* exit.png in Resources */ = {isa = PBXBuildFile; fileRef = A3CDD32E1AB9A87800AB75B4 /* exit.png */; };
		A3CDD33A1AB9A87800AB75B4 /* game_center.png in Resources */ = {isa = PBXBuildFile; fileRef = A3CDD32F1AB9A87800AB75B4 /* game_center.png */; };
		A3CDD33B1AB9A87800AB75B4 /* how_to_play.png in Resources */ = {isa = PBXBuildFile; fileRef = A3CDD3301AB9A87800AB75B4 /* how_to_play.png */; };
		A3CDD33C1AB9A87800AB75B4 /* music_off.png in Resources */ = {isa = PBXBuildFile; fileRef = A3CDD3311AB9A87800AB75B4 /* music_off.png */; };
		A3CDD33D1AB9A87800AB75B4 /* music_on.png in Resources */ = {isa = PBXBuildFile; fileRef = A3CDD3321AB9A87800AB75B4 /* music_on.png */; };
		A3CDD33E1AB9A87800AB75B4 /* rate_us.png in Resources */ = {isa = PBXBuildFile; fileRef = A3CDD3331AB9A87800AB75B4 /* rate_us.png */; };
		A3CDD33F1AB9A87800AB75B4 /* refresh.png in Resources */ = {isa = PBXBuildFile; fileRef = A3CDD3341AB9A87800AB75B4 /* refresh.png */; };
		A3CDD3401AB9A87800AB75B4 /* speakar_on.png in Resources */ = {isa = PBXBuildFile; fileRef = A3CDD3351AB9A87800AB75B4 /* speakar_on.png */; };
		A3CDD3411AB9A87800AB75B4 /* speaker_off.png in Resources */ = {isa = PBXBuildFile; fileRef = A3CDD3361AB9A87800AB75B4 /* speaker_off.png */; };
		A3CDD3421AB9A87800AB75B4 /* tell_a_friend.png in Resources */ = {isa = PBXBuildFile; fileRef = A3CDD3371AB9A87800AB75B4 /* tell_a_friend.png */; };
		A3CDD34F1AB9ABFC00AB75B4 /* Localizable.strings in Resources */ = {isa = PBXBuildFile; fileRef = A3CDD3511AB9ABFC00AB75B4 /* Localizable.strings */; };
		A3D55A7F1ABB0BB700F2D987 /* GameOverViewController.m in Sources */ = {isa = PBXBuildFile; fileRef = A3D55A7D1ABB0BB700F2D987 /* GameOverViewController.m */; };
		A3D55A801ABB0BB700F2D987 /* GameOverViewController.xib in Resources */ = {isa = PBXBuildFile; fileRef = A3D55A7E1ABB0BB700F2D987 /* GameOverViewController.xib */; };
		A3D55A821ABB106B00F2D987 /* btn_bg.png in Resources */ = {isa = PBXBuildFile; fileRef = A3D55A811ABB106B00F2D987 /* btn_bg.png */; };
		A3D55A851ABB18C700F2D987 /* crown.png in Resources */ = {isa = PBXBuildFile; fileRef = A3D55A831ABB18C700F2D987 /* crown.png */; };
		A3D55A861ABB18C700F2D987 /* crown@2x.png in Resources */ = {isa = PBXBuildFile; fileRef = A3D55A841ABB18C700F2D987 /* crown@2x.png */; };
		A3D55A881ABB1ECF00F2D987 /* round_bg.png in Resources */ = {isa = PBXBuildFile; fileRef = A3D55A871ABB1ECF00F2D987 /* round_bg.png */; };
/* End PBXBuildFile section */

/* Begin PBXFileReference section */
		48D5B43A1AC05F11008D370E /* Base */ = {isa = PBXFileReference; lastKnownFileType = file.storyboard; name = Base; path = Base.lproj/Main_iPad.storyboard; sourceTree = "<group>"; };
		A33074AB1AA368C7006054E3 /* Level_10_1.json */ = {isa = PBXFileReference; fileEncoding = 4; lastKnownFileType = text.json; path = Level_10_1.json; sourceTree = "<group>"; };
		A33074AC1AA368C7006054E3 /* Level_11_1.json */ = {isa = PBXFileReference; fileEncoding = 4; lastKnownFileType = text.json; path = Level_11_1.json; sourceTree = "<group>"; };
		A33074AD1AA368C7006054E3 /* Level_12_1.json */ = {isa = PBXFileReference; fileEncoding = 4; lastKnownFileType = text.json; path = Level_12_1.json; sourceTree = "<group>"; };
		A33074AE1AA368C7006054E3 /* Level_13_1.json */ = {isa = PBXFileReference; fileEncoding = 4; lastKnownFileType = text.json; path = Level_13_1.json; sourceTree = "<group>"; };
		A33074AF1AA368C7006054E3 /* Level_14_1.json */ = {isa = PBXFileReference; fileEncoding = 4; lastKnownFileType = text.json; path = Level_14_1.json; sourceTree = "<group>"; };
		A33074B01AA368C7006054E3 /* Level_15_1.json */ = {isa = PBXFileReference; fileEncoding = 4; lastKnownFileType = text.json; path = Level_15_1.json; sourceTree = "<group>"; };
		A33074B11AA368C7006054E3 /* Level_16_1.json */ = {isa = PBXFileReference; fileEncoding = 4; lastKnownFileType = text.json; path = Level_16_1.json; sourceTree = "<group>"; };
		A33074B21AA368C7006054E3 /* Level_17_1.json */ = {isa = PBXFileReference; fileEncoding = 4; lastKnownFileType = text.json; path = Level_17_1.json; sourceTree = "<group>"; };
		A33074B31AA368C7006054E3 /* Level_18_1.json */ = {isa = PBXFileReference; fileEncoding = 4; lastKnownFileType = text.json; path = Level_18_1.json; sourceTree = "<group>"; };
		A33074B41AA368C7006054E3 /* Level_19_1.json */ = {isa = PBXFileReference; fileEncoding = 4; lastKnownFileType = text.json; path = Level_19_1.json; sourceTree = "<group>"; };
		A33074B51AA368C7006054E3 /* Level_1_1.json */ = {isa = PBXFileReference; fileEncoding = 4; lastKnownFileType = text.json; path = Level_1_1.json; sourceTree = "<group>"; };
		A33074B61AA368C7006054E3 /* Level_20_1.json */ = {isa = PBXFileReference; fileEncoding = 4; lastKnownFileType = text.json; path = Level_20_1.json; sourceTree = "<group>"; };
		A33074B71AA368C7006054E3 /* Level_21_1.json */ = {isa = PBXFileReference; fileEncoding = 4; lastKnownFileType = text.json; path = Level_21_1.json; sourceTree = "<group>"; };
		A33074B81AA368C7006054E3 /* Level_22_1.json */ = {isa = PBXFileReference; fileEncoding = 4; lastKnownFileType = text.json; path = Level_22_1.json; sourceTree = "<group>"; };
		A33074B91AA368C7006054E3 /* Level_23_1.json */ = {isa = PBXFileReference; fileEncoding = 4; lastKnownFileType = text.json; path = Level_23_1.json; sourceTree = "<group>"; };
		A33074BA1AA368C7006054E3 /* Level_24_1.json */ = {isa = PBXFileReference; fileEncoding = 4; lastKnownFileType = text.json; path = Level_24_1.json; sourceTree = "<group>"; };
		A33074BB1AA368C7006054E3 /* Level_25_1.json */ = {isa = PBXFileReference; fileEncoding = 4; lastKnownFileType = text.json; path = Level_25_1.json; sourceTree = "<group>"; };
		A33074BC1AA368C7006054E3 /* Level_26_1.json */ = {isa = PBXFileReference; fileEncoding = 4; lastKnownFileType = text.json; path = Level_26_1.json; sourceTree = "<group>"; };
		A33074BD1AA368C7006054E3 /* Level_27_1.json */ = {isa = PBXFileReference; fileEncoding = 4; lastKnownFileType = text.json; path = Level_27_1.json; sourceTree = "<group>"; };
		A33074BE1AA368C7006054E3 /* Level_28_1.json */ = {isa = PBXFileReference; fileEncoding = 4; lastKnownFileType = text.json; path = Level_28_1.json; sourceTree = "<group>"; };
		A33074BF1AA368C7006054E3 /* Level_29_1.json */ = {isa = PBXFileReference; fileEncoding = 4; lastKnownFileType = text.json; path = Level_29_1.json; sourceTree = "<group>"; };
		A33074C01AA368C7006054E3 /* Level_2_1.json */ = {isa = PBXFileReference; fileEncoding = 4; lastKnownFileType = text.json; path = Level_2_1.json; sourceTree = "<group>"; };
		A33074C11AA368C7006054E3 /* Level_30_1.json */ = {isa = PBXFileReference; fileEncoding = 4; lastKnownFileType = text.json; path = Level_30_1.json; sourceTree = "<group>"; };
		A33074C21AA368C7006054E3 /* Level_31_1.json */ = {isa = PBXFileReference; fileEncoding = 4; lastKnownFileType = text.json; path = Level_31_1.json; sourceTree = "<group>"; };
		A33074C31AA368C7006054E3 /* Level_32_1.json */ = {isa = PBXFileReference; fileEncoding = 4; lastKnownFileType = text.json; path = Level_32_1.json; sourceTree = "<group>"; };
		A33074C41AA368C7006054E3 /* Level_33_1.json */ = {isa = PBXFileReference; fileEncoding = 4; lastKnownFileType = text.json; path = Level_33_1.json; sourceTree = "<group>"; };
		A33074C51AA368C7006054E3 /* Level_34_1.json */ = {isa = PBXFileReference; fileEncoding = 4; lastKnownFileType = text.json; path = Level_34_1.json; sourceTree = "<group>"; };
		A33074C61AA368C7006054E3 /* Level_35_1.json */ = {isa = PBXFileReference; fileEncoding = 4; lastKnownFileType = text.json; path = Level_35_1.json; sourceTree = "<group>"; };
		A33074C71AA368C7006054E3 /* Level_36_1.json */ = {isa = PBXFileReference; fileEncoding = 4; lastKnownFileType = text.json; path = Level_36_1.json; sourceTree = "<group>"; };
		A33074C81AA368C7006054E3 /* Level_37_1.json */ = {isa = PBXFileReference; fileEncoding = 4; lastKnownFileType = text.json; path = Level_37_1.json; sourceTree = "<group>"; };
		A33074C91AA368C7006054E3 /* Level_38_1.json */ = {isa = PBXFileReference; fileEncoding = 4; lastKnownFileType = text.json; path = Level_38_1.json; sourceTree = "<group>"; };
		A33074CA1AA368C7006054E3 /* Level_39_1.json */ = {isa = PBXFileReference; fileEncoding = 4; lastKnownFileType = text.json; path = Level_39_1.json; sourceTree = "<group>"; };
		A33074CB1AA368C7006054E3 /* Level_3_1.json */ = {isa = PBXFileReference; fileEncoding = 4; lastKnownFileType = text.json; path = Level_3_1.json; sourceTree = "<group>"; };
		A33074CC1AA368C7006054E3 /* Level_40_1.json */ = {isa = PBXFileReference; fileEncoding = 4; lastKnownFileType = text.json; path = Level_40_1.json; sourceTree = "<group>"; };
		A33074CD1AA368C7006054E3 /* Level_41_1.json */ = {isa = PBXFileReference; fileEncoding = 4; lastKnownFileType = text.json; path = Level_41_1.json; sourceTree = "<group>"; };
		A33074CE1AA368C7006054E3 /* Level_42_1.json */ = {isa = PBXFileReference; fileEncoding = 4; lastKnownFileType = text.json; path = Level_42_1.json; sourceTree = "<group>"; };
		A33074CF1AA368C7006054E3 /* Level_43_1.json */ = {isa = PBXFileReference; fileEncoding = 4; lastKnownFileType = text.json; path = Level_43_1.json; sourceTree = "<group>"; };
		A33074D01AA368C7006054E3 /* Level_44_1.json */ = {isa = PBXFileReference; fileEncoding = 4; lastKnownFileType = text.json; path = Level_44_1.json; sourceTree = "<group>"; };
		A33074D11AA368C7006054E3 /* Level_45_1.json */ = {isa = PBXFileReference; fileEncoding = 4; lastKnownFileType = text.json; path = Level_45_1.json; sourceTree = "<group>"; };
		A33074D21AA368C7006054E3 /* Level_46_1.json */ = {isa = PBXFileReference; fileEncoding = 4; lastKnownFileType = text.json; path = Level_46_1.json; sourceTree = "<group>"; };
		A33074D31AA368C7006054E3 /* Level_47_1.json */ = {isa = PBXFileReference; fileEncoding = 4; lastKnownFileType = text.json; path = Level_47_1.json; sourceTree = "<group>"; };
		A33074D41AA368C7006054E3 /* Level_48_1.json */ = {isa = PBXFileReference; fileEncoding = 4; lastKnownFileType = text.json; path = Level_48_1.json; sourceTree = "<group>"; };
		A33074D51AA368C7006054E3 /* Level_49_1.json */ = {isa = PBXFileReference; fileEncoding = 4; lastKnownFileType = text.json; path = Level_49_1.json; sourceTree = "<group>"; };
		A33074D61AA368C7006054E3 /* Level_4_1.json */ = {isa = PBXFileReference; fileEncoding = 4; lastKnownFileType = text.json; path = Level_4_1.json; sourceTree = "<group>"; };
		A33074D71AA368C7006054E3 /* Level_50_1.json */ = {isa = PBXFileReference; fileEncoding = 4; lastKnownFileType = text.json; path = Level_50_1.json; sourceTree = "<group>"; };
		A33074D81AA368C7006054E3 /* Level_51_1.json */ = {isa = PBXFileReference; fileEncoding = 4; lastKnownFileType = text.json; path = Level_51_1.json; sourceTree = "<group>"; };
		A33074D91AA368C7006054E3 /* Level_52_1.json */ = {isa = PBXFileReference; fileEncoding = 4; lastKnownFileType = text.json; path = Level_52_1.json; sourceTree = "<group>"; };
		A33074DA1AA368C7006054E3 /* Level_53_1.json */ = {isa = PBXFileReference; fileEncoding = 4; lastKnownFileType = text.json; path = Level_53_1.json; sourceTree = "<group>"; };
		A33074DB1AA368C7006054E3 /* Level_54_1.json */ = {isa = PBXFileReference; fileEncoding = 4; lastKnownFileType = text.json; path = Level_54_1.json; sourceTree = "<group>"; };
		A33074DC1AA368C7006054E3 /* Level_55_1.json */ = {isa = PBXFileReference; fileEncoding = 4; lastKnownFileType = text.json; path = Level_55_1.json; sourceTree = "<group>"; };
		A33074DD1AA368C7006054E3 /* Level_5_1.json */ = {isa = PBXFileReference; fileEncoding = 4; lastKnownFileType = text.json; path = Level_5_1.json; sourceTree = "<group>"; };
		A33074DE1AA368C7006054E3 /* Level_6_1.json */ = {isa = PBXFileReference; fileEncoding = 4; lastKnownFileType = text.json; path = Level_6_1.json; sourceTree = "<group>"; };
		A33074DF1AA368C7006054E3 /* Level_7_1.json */ = {isa = PBXFileReference; fileEncoding = 4; lastKnownFileType = text.json; path = Level_7_1.json; sourceTree = "<group>"; };
		A33074E01AA368C7006054E3 /* Level_8_1.json */ = {isa = PBXFileReference; fileEncoding = 4; lastKnownFileType = text.json; path = Level_8_1.json; sourceTree = "<group>"; };
		A33074E11AA368C7006054E3 /* Level_9_1.json */ = {isa = PBXFileReference; fileEncoding = 4; lastKnownFileType = text.json; path = Level_9_1.json; sourceTree = "<group>"; };
		A330751A1AA36923006054E3 /* Level_56_1.json */ = {isa = PBXFileReference; fileEncoding = 4; lastKnownFileType = text.json; path = Level_56_1.json; sourceTree = "<group>"; };
		A330751B1AA36923006054E3 /* Level_57_1.json */ = {isa = PBXFileReference; fileEncoding = 4; lastKnownFileType = text.json; path = Level_57_1.json; sourceTree = "<group>"; };
		A330751C1AA36923006054E3 /* Level_58_1.json */ = {isa = PBXFileReference; fileEncoding = 4; lastKnownFileType = text.json; path = Level_58_1.json; sourceTree = "<group>"; };
		A330751D1AA36923006054E3 /* Level_59_1.json */ = {isa = PBXFileReference; fileEncoding = 4; lastKnownFileType = text.json; path = Level_59_1.json; sourceTree = "<group>"; };
		A330751E1AA36923006054E3 /* Level_60_1.json */ = {isa = PBXFileReference; fileEncoding = 4; lastKnownFileType = text.json; path = Level_60_1.json; sourceTree = "<group>"; };
		A330AC7D1AC3B1F4007C2EE7 /* CustomActivityProvider.h */ = {isa = PBXFileReference; fileEncoding = 4; lastKnownFileType = sourcecode.c.h; path = CustomActivityProvider.h; sourceTree = "<group>"; };
		A330AC7E1AC3B1F4007C2EE7 /* CustomActivityProvider.m */ = {isa = PBXFileReference; fileEncoding = 4; lastKnownFileType = sourcecode.c.objc; path = CustomActivityProvider.m; sourceTree = "<group>"; };
		A330AC801AC3B1F4007C2EE7 /* iAdViewController.h */ = {isa = PBXFileReference; fileEncoding = 4; lastKnownFileType = sourcecode.c.h; path = iAdViewController.h; sourceTree = "<group>"; };
		A330AC811AC3B1F4007C2EE7 /* iAdViewController.m */ = {isa = PBXFileReference; fileEncoding = 4; lastKnownFileType = sourcecode.c.objc; path = iAdViewController.m; sourceTree = "<group>"; };
		A330AC821AC3B1F4007C2EE7 /* iAdViewController.xib */ = {isa = PBXFileReference; fileEncoding = 4; lastKnownFileType = file.xib; path = iAdViewController.xib; sourceTree = "<group>"; };
		A364EF5219EFFF30005EF1D6 /* Crashlytics.framework */ = {isa = PBXFileReference; lastKnownFileType = wrapper.framework; path = Crashlytics.framework; sourceTree = SOURCE_ROOT; };
		A364EF7719F01D75005EF1D6 /* GameStateManager.h */ = {isa = PBXFileReference; fileEncoding = 4; lastKnownFileType = sourcecode.c.h; path = GameStateManager.h; sourceTree = "<group>"; };
		A364EF7819F01D75005EF1D6 /* GameStateManager.m */ = {isa = PBXFileReference; fileEncoding = 4; lastKnownFileType = sourcecode.c.objc; path = GameStateManager.m; sourceTree = "<group>"; };
		A36934091A2CB52B001C9BB1 /* WUNObstacle.h */ = {isa = PBXFileReference; fileEncoding = 4; lastKnownFileType = sourcecode.c.h; path = WUNObstacle.h; sourceTree = "<group>"; };
		A369340A1A2CB52B001C9BB1 /* WUNObstacle.m */ = {isa = PBXFileReference; fileEncoding = 4; lastKnownFileType = sourcecode.c.objc; path = WUNObstacle.m; sourceTree = "<group>"; };
		A369340C1A2CB6DD001C9BB1 /* WUNBase.h */ = {isa = PBXFileReference; fileEncoding = 4; lastKnownFileType = sourcecode.c.h; name = WUNBase.h; path = wakemeup/classes/WUNBase.h; sourceTree = SOURCE_ROOT; };
		A369340D1A2CB6DD001C9BB1 /* WUNBase.m */ = {isa = PBXFileReference; fileEncoding = 4; lastKnownFileType = sourcecode.c.objc; name = WUNBase.m; path = wakemeup/classes/WUNBase.m; sourceTree = SOURCE_ROOT; };
		A369340F1A2CB9E5001C9BB1 /* WUNObstacle1.h */ = {isa = PBXFileReference; fileEncoding = 4; lastKnownFileType = sourcecode.c.h; path = WUNObstacle1.h; sourceTree = "<group>"; };
		A36934101A2CB9E5001C9BB1 /* WUNObstacle1.m */ = {isa = PBXFileReference; fileEncoding = 4; lastKnownFileType = sourcecode.c.objc; path = WUNObstacle1.m; sourceTree = "<group>"; };
		A36F9A3919DD9E4100419500 /* WUNSmily.h */ = {isa = PBXFileReference; fileEncoding = 4; lastKnownFileType = sourcecode.c.h; name = WUNSmily.h; path = wakemeup/classes/WUNSmily.h; sourceTree = SOURCE_ROOT; };
		A36F9A3A19DD9E4100419500 /* WUNSmily.m */ = {isa = PBXFileReference; fileEncoding = 4; lastKnownFileType = sourcecode.c.objc; name = WUNSmily.m; path = wakemeup/classes/WUNSmily.m; sourceTree = SOURCE_ROOT; };
		A36F9A3C19DD9E5800419500 /* WUNWall.h */ = {isa = PBXFileReference; fileEncoding = 4; lastKnownFileType = sourcecode.c.h; name = WUNWall.h; path = wakemeup/classes/WUNWall.h; sourceTree = SOURCE_ROOT; };
		A36F9A3D19DD9E5800419500 /* WUNWall.m */ = {isa = PBXFileReference; fileEncoding = 4; lastKnownFileType = sourcecode.c.objc; name = WUNWall.m; path = wakemeup/classes/WUNWall.m; sourceTree = SOURCE_ROOT; };
		A36F9A3F19DD9E6C00419500 /* WUNHole.h */ = {isa = PBXFileReference; fileEncoding = 4; lastKnownFileType = sourcecode.c.h; name = WUNHole.h; path = wakemeup/classes/WUNHole.h; sourceTree = SOURCE_ROOT; };
		A36F9A4019DD9E6C00419500 /* WUNHole.m */ = {isa = PBXFileReference; fileEncoding = 4; lastKnownFileType = sourcecode.c.objc; name = WUNHole.m; path = wakemeup/classes/WUNHole.m; sourceTree = SOURCE_ROOT; };
		A3C891A619E428D500A12D36 /* stage_1.json */ = {isa = PBXFileReference; fileEncoding = 4; lastKnownFileType = text.json; path = stage_1.json; sourceTree = "<group>"; };
		A3C891A819E4298B00A12D36 /* WUNStageModel.h */ = {isa = PBXFileReference; fileEncoding = 4; lastKnownFileType = sourcecode.c.h; path = WUNStageModel.h; sourceTree = "<group>"; };
		A3C891A919E4298B00A12D36 /* WUNStageModel.m */ = {isa = PBXFileReference; fileEncoding = 4; lastKnownFileType = sourcecode.c.objc; path = WUNStageModel.m; sourceTree = "<group>"; };
		A3C891AB19E42A5D00A12D36 /* LevelSelectionViewController.h */ = {isa = PBXFileReference; fileEncoding = 4; lastKnownFileType = sourcecode.c.h; path = LevelSelectionViewController.h; sourceTree = "<group>"; };
		A3C891AC19E42A5D00A12D36 /* LevelSelectionViewController.m */ = {isa = PBXFileReference; fileEncoding = 4; lastKnownFileType = sourcecode.c.objc; path = LevelSelectionViewController.m; sourceTree = "<group>"; };
		A3C891AE19E42DD200A12D36 /* CustomCollectionViewCell.h */ = {isa = PBXFileReference; fileEncoding = 4; lastKnownFileType = sourcecode.c.h; path = CustomCollectionViewCell.h; sourceTree = "<group>"; };
		A3C891AF19E42DD200A12D36 /* CustomCollectionViewCell.m */ = {isa = PBXFileReference; fileEncoding = 4; lastKnownFileType = sourcecode.c.objc; path = CustomCollectionViewCell.m; sourceTree = "<group>"; };
		A3C891B119E42F1800A12D36 /* Utility.h */ = {isa = PBXFileReference; fileEncoding = 4; lastKnownFileType = sourcecode.c.h; path = Utility.h; sourceTree = "<group>"; };
		A3C891B219E42F1800A12D36 /* Utility.m */ = {isa = PBXFileReference; fileEncoding = 4; lastKnownFileType = sourcecode.c.objc; path = Utility.m; sourceTree = "<group>"; };
		A3C891B419E42FDD00A12D36 /* WUNLevelModel.h */ = {isa = PBXFileReference; fileEncoding = 4; lastKnownFileType = sourcecode.c.h; path = WUNLevelModel.h; sourceTree = "<group>"; };
		A3C891B519E42FDD00A12D36 /* WUNLevelModel.m */ = {isa = PBXFileReference; fileEncoding = 4; lastKnownFileType = sourcecode.c.objc; path = WUNLevelModel.m; sourceTree = "<group>"; };
		A3C891B719E43B9200A12D36 /* WakeMeUp.pch */ = {isa = PBXFileReference; lastKnownFileType = sourcecode.c.h; path = WakeMeUp.pch; sourceTree = "<group>"; };
		A3C891B819E5932400A12D36 /* MailComposerManager.h */ = {isa = PBXFileReference; fileEncoding = 4; lastKnownFileType = sourcecode.c.h; path = MailComposerManager.h; sourceTree = "<group>"; };
		A3C891B919E5932400A12D36 /* MailComposerManager.m */ = {isa = PBXFileReference; fileEncoding = 4; lastKnownFileType = sourcecode.c.objc; path = MailComposerManager.m; sourceTree = "<group>"; };
		A3CC20B119D6C9520067A847 /* wakemeup.app */ = {isa = PBXFileReference; explicitFileType = wrapper.application; includeInIndex = 0; path = wakemeup.app; sourceTree = BUILT_PRODUCTS_DIR; };
		A3CC20B519D6C9520067A847 /* Info.plist */ = {isa = PBXFileReference; lastKnownFileType = text.plist.xml; path = Info.plist; sourceTree = "<group>"; };
		A3CC20B619D6C9520067A847 /* main.m */ = {isa = PBXFileReference; lastKnownFileType = sourcecode.c.objc; path = main.m; sourceTree = "<group>"; };
		A3CC20B819D6C9520067A847 /* AppDelegate.h */ = {isa = PBXFileReference; lastKnownFileType = sourcecode.c.h; path = AppDelegate.h; sourceTree = "<group>"; };
		A3CC20B919D6C9520067A847 /* AppDelegate.m */ = {isa = PBXFileReference; lastKnownFileType = sourcecode.c.objc; path = AppDelegate.m; sourceTree = "<group>"; };
		A3CC20BB19D6C9520067A847 /* GameScene.h */ = {isa = PBXFileReference; lastKnownFileType = sourcecode.c.h; lineEnding = 0; name = GameScene.h; path = ../../GameScene.h; sourceTree = "<group>"; xcLanguageSpecificationIdentifier = xcode.lang.objcpp; };
		A3CC20BC19D6C9520067A847 /* GameScene.m */ = {isa = PBXFileReference; lastKnownFileType = sourcecode.c.objc; lineEnding = 0; name = GameScene.m; path = ../../GameScene.m; sourceTree = "<group>"; xcLanguageSpecificationIdentifier = xcode.lang.objc; };
		A3CC20BE19D6C9520067A847 /* GameScene.sks */ = {isa = PBXFileReference; lastKnownFileType = file.sks; path = GameScene.sks; sourceTree = "<group>"; };
		A3CC20C019D6C9520067A847 /* GameViewController.h */ = {isa = PBXFileReference; lastKnownFileType = sourcecode.c.h; name = GameViewController.h; path = ../../GameViewController.h; sourceTree = "<group>"; };
		A3CC20C119D6C9520067A847 /* GameViewController.m */ = {isa = PBXFileReference; lastKnownFileType = sourcecode.c.objc; lineEnding = 0; name = GameViewController.m; path = ../../GameViewController.m; sourceTree = "<group>"; xcLanguageSpecificationIdentifier = xcode.lang.objc; };
		A3CC20C419D6C9520067A847 /* Base */ = {isa = PBXFileReference; lastKnownFileType = file.storyboard; name = Base; path = Base.lproj/Main.storyboard; sourceTree = "<group>"; };
		A3CC20C619D6C9520067A847 /* Images.xcassets */ = {isa = PBXFileReference; lastKnownFileType = folder.assetcatalog; path = Images.xcassets; sourceTree = "<group>"; };
		A3CC20C919D6C9520067A847 /* Base */ = {isa = PBXFileReference; lastKnownFileType = file.xib; name = Base; path = Base.lproj/LaunchScreen.xib; sourceTree = "<group>"; };
		A3CC20E719D6E0FB0067A847 /* GameConfigManager.h */ = {isa = PBXFileReference; fileEncoding = 4; lastKnownFileType = sourcecode.c.h; path = GameConfigManager.h; sourceTree = "<group>"; };
		A3CC20E819D6E0FB0067A847 /* GameConfigManager.m */ = {isa = PBXFileReference; fileEncoding = 4; lastKnownFileType = sourcecode.c.objc; path = GameConfigManager.m; sourceTree = "<group>"; };
		A3CC20F219DAF3B20067A847 /* WUNObject.h */ = {isa = PBXFileReference; fileEncoding = 4; lastKnownFileType = sourcecode.c.h; name = WUNObject.h; path = wakemeup/classes/WUNObject.h; sourceTree = SOURCE_ROOT; };
		A3CC20F319DAF3B20067A847 /* WUNObject.m */ = {isa = PBXFileReference; fileEncoding = 4; lastKnownFileType = sourcecode.c.objc; name = WUNObject.m; path = wakemeup/classes/WUNObject.m; sourceTree = SOURCE_ROOT; };
		A3CC20F419DAF3B20067A847 /* WUNLevel.h */ = {isa = PBXFileReference; fileEncoding = 4; lastKnownFileType = sourcecode.c.h; lineEnding = 0; name = WUNLevel.h; path = wakemeup/classes/WUNLevel.h; sourceTree = SOURCE_ROOT; xcLanguageSpecificationIdentifier = xcode.lang.objcpp; };
		A3CC20F519DAF3B20067A847 /* WUNLevel.m */ = {isa = PBXFileReference; fileEncoding = 4; lastKnownFileType = sourcecode.c.objc; lineEnding = 0; name = WUNLevel.m; path = wakemeup/classes/WUNLevel.m; sourceTree = SOURCE_ROOT; xcLanguageSpecificationIdentifier = xcode.lang.objc; };
		A3CC20F619DAF3B20067A847 /* WUNTile.h */ = {isa = PBXFileReference; fileEncoding = 4; lastKnownFileType = sourcecode.c.h; name = WUNTile.h; path = wakemeup/classes/WUNTile.h; sourceTree = SOURCE_ROOT; };
		A3CC20F719DAF3B20067A847 /* WUNTile.m */ = {isa = PBXFileReference; fileEncoding = 4; lastKnownFileType = sourcecode.c.objc; name = WUNTile.m; path = wakemeup/classes/WUNTile.m; sourceTree = SOURCE_ROOT; };
		A3CC20FB19DAF5B90067A847 /* WUNSwap.h */ = {isa = PBXFileReference; fileEncoding = 4; lastKnownFileType = sourcecode.c.h; name = WUNSwap.h; path = wakemeup/classes/WUNSwap.h; sourceTree = SOURCE_ROOT; };
		A3CC20FC19DAF5B90067A847 /* WUNSwap.m */ = {isa = PBXFileReference; fileEncoding = 4; lastKnownFileType = sourcecode.c.objc; name = WUNSwap.m; path = wakemeup/classes/WUNSwap.m; sourceTree = SOURCE_ROOT; };
		A3CC210919DAF7410067A847 /* Sprites.atlas */ = {isa = PBXFileReference; lastKnownFileType = folder.skatlas; path = Sprites.atlas; sourceTree = "<group>"; };
		A3CDD32D1AB9A87800AB75B4 /* back_to_home.png */ = {isa = PBXFileReference; lastKnownFileType = image.png; path = back_to_home.png; sourceTree = "<group>"; };
		A3CDD32E1AB9A87800AB75B4 /* exit.png */ = {isa = PBXFileReference; lastKnownFileType = image.png; path = exit.png; sourceTree = "<group>"; };
		A3CDD32F1AB9A87800AB75B4 /* game_center.png */ = {isa = PBXFileReference; lastKnownFileType = image.png; path = game_center.png; sourceTree = "<group>"; };
		A3CDD3301AB9A87800AB75B4 /* how_to_play.png */ = {isa = PBXFileReference; lastKnownFileType = image.png; path = how_to_play.png; sourceTree = "<group>"; };
		A3CDD3311AB9A87800AB75B4 /* music_off.png */ = {isa = PBXFileReference; lastKnownFileType = image.png; path = music_off.png; sourceTree = "<group>"; };
		A3CDD3321AB9A87800AB75B4 /* music_on.png */ = {isa = PBXFileReference; lastKnownFileType = image.png; path = music_on.png; sourceTree = "<group>"; };
		A3CDD3331AB9A87800AB75B4 /* rate_us.png */ = {isa = PBXFileReference; lastKnownFileType = image.png; path = rate_us.png; sourceTree = "<group>"; };
		A3CDD3341AB9A87800AB75B4 /* refresh.png */ = {isa = PBXFileReference; lastKnownFileType = image.png; path = refresh.png; sourceTree = "<group>"; };
		A3CDD3351AB9A87800AB75B4 /* speakar_on.png */ = {isa = PBXFileReference; lastKnownFileType = image.png; path = speakar_on.png; sourceTree = "<group>"; };
		A3CDD3361AB9A87800AB75B4 /* speaker_off.png */ = {isa = PBXFileReference; lastKnownFileType = image.png; path = speaker_off.png; sourceTree = "<group>"; };
		A3CDD3371AB9A87800AB75B4 /* tell_a_friend.png */ = {isa = PBXFileReference; lastKnownFileType = image.png; path = tell_a_friend.png; sourceTree = "<group>"; };
		A3CDD3501AB9ABFC00AB75B4 /* Base */ = {isa = PBXFileReference; lastKnownFileType = text.plist.strings; name = Base; path = Base.lproj/Localizable.strings; sourceTree = "<group>"; };
		A3D55A7C1ABB0BB700F2D987 /* GameOverViewController.h */ = {isa = PBXFileReference; fileEncoding = 4; lastKnownFileType = sourcecode.c.h; path = GameOverViewController.h; sourceTree = "<group>"; };
		A3D55A7D1ABB0BB700F2D987 /* GameOverViewController.m */ = {isa = PBXFileReference; fileEncoding = 4; lastKnownFileType = sourcecode.c.objc; path = GameOverViewController.m; sourceTree = "<group>"; };
		A3D55A7E1ABB0BB700F2D987 /* GameOverViewController.xib */ = {isa = PBXFileReference; fileEncoding = 4; lastKnownFileType = file.xib; path = GameOverViewController.xib; sourceTree = "<group>"; };
		A3D55A811ABB106B00F2D987 /* btn_bg.png */ = {isa = PBXFileReference; lastKnownFileType = image.png; path = btn_bg.png; sourceTree = "<group>"; };
		A3D55A831ABB18C700F2D987 /* crown.png */ = {isa = PBXFileReference; lastKnownFileType = image.png; path = crown.png; sourceTree = "<group>"; };
		A3D55A841ABB18C700F2D987 /* crown@2x.png */ = {isa = PBXFileReference; lastKnownFileType = image.png; path = "crown@2x.png"; sourceTree = "<group>"; };
		A3D55A871ABB1ECF00F2D987 /* round_bg.png */ = {isa = PBXFileReference; lastKnownFileType = image.png; path = round_bg.png; sourceTree = "<group>"; };
/* End PBXFileReference section */

/* Begin PBXFrameworksBuildPhase section */
		A3CC20AE19D6C9520067A847 /* Frameworks */ = {
			isa = PBXFrameworksBuildPhase;
			buildActionMask = 2147483647;
			files = (
				A364EF5319EFFF30005EF1D6 /* Crashlytics.framework in Frameworks */,
			);
			runOnlyForDeploymentPostprocessing = 0;
		};
/* End PBXFrameworksBuildPhase section */

/* Begin PBXGroup section */
		A33074AA1AA368C7006054E3 /* Levels */ = {
			isa = PBXGroup;
			children = (
				A33074AB1AA368C7006054E3 /* Level_10_1.json */,
				A33074AC1AA368C7006054E3 /* Level_11_1.json */,
				A33074AD1AA368C7006054E3 /* Level_12_1.json */,
				A33074AE1AA368C7006054E3 /* Level_13_1.json */,
				A33074AF1AA368C7006054E3 /* Level_14_1.json */,
				A33074B01AA368C7006054E3 /* Level_15_1.json */,
				A33074B11AA368C7006054E3 /* Level_16_1.json */,
				A33074B21AA368C7006054E3 /* Level_17_1.json */,
				A33074B31AA368C7006054E3 /* Level_18_1.json */,
				A33074B41AA368C7006054E3 /* Level_19_1.json */,
				A33074B51AA368C7006054E3 /* Level_1_1.json */,
				A33074B61AA368C7006054E3 /* Level_20_1.json */,
				A33074B71AA368C7006054E3 /* Level_21_1.json */,
				A33074B81AA368C7006054E3 /* Level_22_1.json */,
				A33074B91AA368C7006054E3 /* Level_23_1.json */,
				A33074BA1AA368C7006054E3 /* Level_24_1.json */,
				A33074BB1AA368C7006054E3 /* Level_25_1.json */,
				A33074BC1AA368C7006054E3 /* Level_26_1.json */,
				A33074BD1AA368C7006054E3 /* Level_27_1.json */,
				A33074BE1AA368C7006054E3 /* Level_28_1.json */,
				A33074BF1AA368C7006054E3 /* Level_29_1.json */,
				A33074C01AA368C7006054E3 /* Level_2_1.json */,
				A33074C11AA368C7006054E3 /* Level_30_1.json */,
				A33074C21AA368C7006054E3 /* Level_31_1.json */,
				A33074C31AA368C7006054E3 /* Level_32_1.json */,
				A33074C41AA368C7006054E3 /* Level_33_1.json */,
				A33074C51AA368C7006054E3 /* Level_34_1.json */,
				A33074C61AA368C7006054E3 /* Level_35_1.json */,
				A33074C71AA368C7006054E3 /* Level_36_1.json */,
				A33074C81AA368C7006054E3 /* Level_37_1.json */,
				A33074C91AA368C7006054E3 /* Level_38_1.json */,
				A33074CA1AA368C7006054E3 /* Level_39_1.json */,
				A33074CB1AA368C7006054E3 /* Level_3_1.json */,
				A33074CC1AA368C7006054E3 /* Level_40_1.json */,
				A33074CD1AA368C7006054E3 /* Level_41_1.json */,
				A33074CE1AA368C7006054E3 /* Level_42_1.json */,
				A33074CF1AA368C7006054E3 /* Level_43_1.json */,
				A33074D01AA368C7006054E3 /* Level_44_1.json */,
				A33074D11AA368C7006054E3 /* Level_45_1.json */,
				A33074D21AA368C7006054E3 /* Level_46_1.json */,
				A33074D31AA368C7006054E3 /* Level_47_1.json */,
				A33074D41AA368C7006054E3 /* Level_48_1.json */,
				A33074D51AA368C7006054E3 /* Level_49_1.json */,
				A33074D61AA368C7006054E3 /* Level_4_1.json */,
				A33074D71AA368C7006054E3 /* Level_50_1.json */,
				A33074D81AA368C7006054E3 /* Level_51_1.json */,
				A33074D91AA368C7006054E3 /* Level_52_1.json */,
				A33074DA1AA368C7006054E3 /* Level_53_1.json */,
				A33074DB1AA368C7006054E3 /* Level_54_1.json */,
				A33074DC1AA368C7006054E3 /* Level_55_1.json */,
				A330751A1AA36923006054E3 /* Level_56_1.json */,
				A330751B1AA36923006054E3 /* Level_57_1.json */,
				A330751C1AA36923006054E3 /* Level_58_1.json */,
				A330751D1AA36923006054E3 /* Level_59_1.json */,
				A330751E1AA36923006054E3 /* Level_60_1.json */,
				A33074DD1AA368C7006054E3 /* Level_5_1.json */,
				A33074DE1AA368C7006054E3 /* Level_6_1.json */,
				A33074DF1AA368C7006054E3 /* Level_7_1.json */,
				A33074E01AA368C7006054E3 /* Level_8_1.json */,
				A33074E11AA368C7006054E3 /* Level_9_1.json */,
			);
			path = Levels;
			sourceTree = "<group>";
		};
		A330AC7C1AC3B1F4007C2EE7 /* Activity */ = {
			isa = PBXGroup;
			children = (
				A330AC7D1AC3B1F4007C2EE7 /* CustomActivityProvider.h */,
				A330AC7E1AC3B1F4007C2EE7 /* CustomActivityProvider.m */,
			);
			path = Activity;
			sourceTree = "<group>";
		};
		A330AC7F1AC3B1F4007C2EE7 /* iAds */ = {
			isa = PBXGroup;
			children = (
				A330AC801AC3B1F4007C2EE7 /* iAdViewController.h */,
				A330AC811AC3B1F4007C2EE7 /* iAdViewController.m */,
				A330AC821AC3B1F4007C2EE7 /* iAdViewController.xib */,
			);
			path = iAds;
			sourceTree = "<group>";
		};
		A364EF5119EFFF18005EF1D6 /* 3rdParty */ = {
			isa = PBXGroup;
			children = (
				A364EF5219EFFF30005EF1D6 /* Crashlytics.framework */,
			);
			path = 3rdParty;
			sourceTree = "<group>";
		};
		A36934081A2CB4FD001C9BB1 /* Obstacles */ = {
			isa = PBXGroup;
			children = (
				A36934091A2CB52B001C9BB1 /* WUNObstacle.h */,
				A369340A1A2CB52B001C9BB1 /* WUNObstacle.m */,
				A369340F1A2CB9E5001C9BB1 /* WUNObstacle1.h */,
				A36934101A2CB9E5001C9BB1 /* WUNObstacle1.m */,
			);
			name = Obstacles;
			path = wakemeup/classes/Obstacles;
			sourceTree = SOURCE_ROOT;
		};
		A3C891A519E428D500A12D36 /* stage */ = {
			isa = PBXGroup;
			children = (
				A3C891A619E428D500A12D36 /* stage_1.json */,
			);
			path = stage;
			sourceTree = "<group>";
		};
		A3CC20A819D6C9520067A847 = {
			isa = PBXGroup;
			children = (
				A3CC20B319D6C9520067A847 /* wakemeup */,
				A3CC20B219D6C9520067A847 /* Products */,
			);
			sourceTree = "<group>";
		};
		A3CC20B219D6C9520067A847 /* Products */ = {
			isa = PBXGroup;
			children = (
				A3CC20B119D6C9520067A847 /* wakemeup.app */,
			);
			name = Products;
			sourceTree = "<group>";
		};
		A3CC20B319D6C9520067A847 /* wakemeup */ = {
			isa = PBXGroup;
			children = (
				A364EF5119EFFF18005EF1D6 /* 3rdParty */,
				A3CC20E319D6E0FB0067A847 /* classes */,
				A3CC20B819D6C9520067A847 /* AppDelegate.h */,
				A3CC20B919D6C9520067A847 /* AppDelegate.m */,
				A3CC20BE19D6C9520067A847 /* GameScene.sks */,
				A3CC20C319D6C9520067A847 /* Main.storyboard */,
				48D5B4391AC05F11008D370E /* Main_iPad.storyboard */,
				A3CC20C619D6C9520067A847 /* Images.xcassets */,
				A3CC20C819D6C9520067A847 /* LaunchScreen.xib */,
				A3CC20B419D6C9520067A847 /* Supporting Files */,
			);
			path = wakemeup;
			sourceTree = "<group>";
		};
		A3CC20B419D6C9520067A847 /* Supporting Files */ = {
			isa = PBXGroup;
			children = (
				A3CDD32B1AB9A87800AB75B4 /* images */,
				A33074AA1AA368C7006054E3 /* Levels */,
				A3CC210919DAF7410067A847 /* Sprites.atlas */,
				A3C891A519E428D500A12D36 /* stage */,
				A3CC20B519D6C9520067A847 /* Info.plist */,
				A3CC20B619D6C9520067A847 /* main.m */,
				A3C891B719E43B9200A12D36 /* WakeMeUp.pch */,
				A3CDD3511AB9ABFC00AB75B4 /* Localizable.strings */,
			);
			name = "Supporting Files";
			sourceTree = "<group>";
		};
		A3CC20E319D6E0FB0067A847 /* classes */ = {
			isa = PBXGroup;
			children = (
				A3CC20E419D6E0FB0067A847 /* Controllers */,
				A3CC20E519D6E0FB0067A847 /* Datasource */,
				A3CC20E919D6E0FB0067A847 /* Utility */,
				A3CC20EA19D6E0FB0067A847 /* Views */,
			);
			path = classes;
			sourceTree = "<group>";
		};
		A3CC20E419D6E0FB0067A847 /* Controllers */ = {
			isa = PBXGroup;
			children = (
				A330AC7C1AC3B1F4007C2EE7 /* Activity */,
				A330AC7F1AC3B1F4007C2EE7 /* iAds */,
				A3CC20C019D6C9520067A847 /* GameViewController.h */,
				A3CC20C119D6C9520067A847 /* GameViewController.m */,
				A3CC20BB19D6C9520067A847 /* GameScene.h */,
				A3CC20BC19D6C9520067A847 /* GameScene.m */,
				A3CC20F419DAF3B20067A847 /* WUNLevel.h */,
				A3CC20F519DAF3B20067A847 /* WUNLevel.m */,
				A3C891AB19E42A5D00A12D36 /* LevelSelectionViewController.h */,
				A3C891AC19E42A5D00A12D36 /* LevelSelectionViewController.m */,
				A3C891AE19E42DD200A12D36 /* CustomCollectionViewCell.h */,
				A3C891AF19E42DD200A12D36 /* CustomCollectionViewCell.m */,
				A3D55A7C1ABB0BB700F2D987 /* GameOverViewController.h */,
				A3D55A7D1ABB0BB700F2D987 /* GameOverViewController.m */,
				A3D55A7E1ABB0BB700F2D987 /* GameOverViewController.xib */,
			);
			path = Controllers;
			sourceTree = "<group>";
		};
		A3CC20E519D6E0FB0067A847 /* Datasource */ = {
			isa = PBXGroup;
			children = (
				A3CC20E719D6E0FB0067A847 /* GameConfigManager.h */,
				A3CC20E819D6E0FB0067A847 /* GameConfigManager.m */,
				A364EF7719F01D75005EF1D6 /* GameStateManager.h */,
				A364EF7819F01D75005EF1D6 /* GameStateManager.m */,
				A3C891A819E4298B00A12D36 /* WUNStageModel.h */,
				A3C891A919E4298B00A12D36 /* WUNStageModel.m */,
				A3C891B419E42FDD00A12D36 /* WUNLevelModel.h */,
				A3C891B519E42FDD00A12D36 /* WUNLevelModel.m */,
			);
			path = Datasource;
			sourceTree = "<group>";
		};
		A3CC20E919D6E0FB0067A847 /* Utility */ = {
			isa = PBXGroup;
			children = (
				A3C891B119E42F1800A12D36 /* Utility.h */,
				A3C891B219E42F1800A12D36 /* Utility.m */,
				A3C891B819E5932400A12D36 /* MailComposerManager.h */,
				A3C891B919E5932400A12D36 /* MailComposerManager.m */,
			);
			path = Utility;
			sourceTree = "<group>";
		};
		A3CC20EA19D6E0FB0067A847 /* Views */ = {
			isa = PBXGroup;
			children = (
				A36934081A2CB4FD001C9BB1 /* Obstacles */,
				A369340C1A2CB6DD001C9BB1 /* WUNBase.h */,
				A369340D1A2CB6DD001C9BB1 /* WUNBase.m */,
				A3CC20F219DAF3B20067A847 /* WUNObject.h */,
				A3CC20F319DAF3B20067A847 /* WUNObject.m */,
				A36F9A3919DD9E4100419500 /* WUNSmily.h */,
				A36F9A3A19DD9E4100419500 /* WUNSmily.m */,
				A36F9A3C19DD9E5800419500 /* WUNWall.h */,
				A36F9A3D19DD9E5800419500 /* WUNWall.m */,
				A36F9A3F19DD9E6C00419500 /* WUNHole.h */,
				A36F9A4019DD9E6C00419500 /* WUNHole.m */,
				A3CC20F619DAF3B20067A847 /* WUNTile.h */,
				A3CC20F719DAF3B20067A847 /* WUNTile.m */,
				A3CC20FB19DAF5B90067A847 /* WUNSwap.h */,
				A3CC20FC19DAF5B90067A847 /* WUNSwap.m */,
			);
			path = Views;
			sourceTree = "<group>";
		};
		A3CDD32B1AB9A87800AB75B4 /* images */ = {
			isa = PBXGroup;
			children = (
				A3D55A871ABB1ECF00F2D987 /* round_bg.png */,
				A3D55A811ABB106B00F2D987 /* btn_bg.png */,
				A3D55A831ABB18C700F2D987 /* crown.png */,
				A3D55A841ABB18C700F2D987 /* crown@2x.png */,
				A3CDD32C1AB9A87800AB75B4 /* buttons */,
			);
			path = images;
			sourceTree = "<group>";
		};
		A3CDD32C1AB9A87800AB75B4 /* buttons */ = {
			isa = PBXGroup;
			children = (
				A3CDD32D1AB9A87800AB75B4 /* back_to_home.png */,
				A3CDD32E1AB9A87800AB75B4 /* exit.png */,
				A3CDD32F1AB9A87800AB75B4 /* game_center.png */,
				A3CDD3301AB9A87800AB75B4 /* how_to_play.png */,
				A3CDD3311AB9A87800AB75B4 /* music_off.png */,
				A3CDD3321AB9A87800AB75B4 /* music_on.png */,
				A3CDD3331AB9A87800AB75B4 /* rate_us.png */,
				A3CDD3341AB9A87800AB75B4 /* refresh.png */,
				A3CDD3351AB9A87800AB75B4 /* speakar_on.png */,
				A3CDD3361AB9A87800AB75B4 /* speaker_off.png */,
				A3CDD3371AB9A87800AB75B4 /* tell_a_friend.png */,
			);
			path = buttons;
			sourceTree = "<group>";
		};
/* End PBXGroup section */

/* Begin PBXNativeTarget section */
		A3CC20B019D6C9520067A847 /* wakemeup */ = {
			isa = PBXNativeTarget;
			buildConfigurationList = A3CC20D919D6C9530067A847 /* Build configuration list for PBXNativeTarget "wakemeup" */;
			buildPhases = (
				A3CC20AD19D6C9520067A847 /* Sources */,
				A3CC20AE19D6C9520067A847 /* Frameworks */,
				A3CC20AF19D6C9520067A847 /* Resources */,
				A364EF5019EFFEC7005EF1D6 /* Run Script */,
			);
			buildRules = (
			);
			dependencies = (
			);
			name = wakemeup;
			productName = wakemeup;
			productReference = A3CC20B119D6C9520067A847 /* wakemeup.app */;
			productType = "com.apple.product-type.application";
		};
/* End PBXNativeTarget section */

/* Begin PBXProject section */
		A3CC20A919D6C9520067A847 /* Project object */ = {
			isa = PBXProject;
			attributes = {
				LastUpgradeCheck = 0600;
				ORGANIZATIONNAME = Chandan;
				TargetAttributes = {
					A3CC20B019D6C9520067A847 = {
						CreatedOnToolsVersion = 6.0.1;
					};
				};
			};
			buildConfigurationList = A3CC20AC19D6C9520067A847 /* Build configuration list for PBXProject "WakeMeUp" */;
			compatibilityVersion = "Xcode 3.2";
			developmentRegion = English;
			hasScannedForEncodings = 0;
			knownRegions = (
				Base,
				en,
			);
			mainGroup = A3CC20A819D6C9520067A847;
			productRefGroup = A3CC20B219D6C9520067A847 /* Products */;
			projectDirPath = "";
			projectRoot = "";
			targets = (
				A3CC20B019D6C9520067A847 /* wakemeup */,
			);
		};
/* End PBXProject section */

/* Begin PBXResourcesBuildPhase section */
		A3CC20AF19D6C9520067A847 /* Resources */ = {
			isa = PBXResourcesBuildPhase;
			buildActionMask = 2147483647;
			files = (
				A3CC20CA19D6C9520067A847 /* LaunchScreen.xib in Resources */,
				A33075101AA368C8006054E3 /* Level_52_1.json in Resources */,
				A33075201AA36923006054E3 /* Level_56_1.json in Resources */,
				A33074F01AA368C8006054E3 /* Level_23_1.json in Resources */,
				A3CDD33D1AB9A87800AB75B4 /* music_on.png in Resources */,
				A33074E51AA368C8006054E3 /* Level_13_1.json in Resources */,
				A3CC210A19DAF7410067A847 /* Sprites.atlas in Resources */,
				A33075021AA368C8006054E3 /* Level_3_1.json in Resources */,
				A330750A1AA368C8006054E3 /* Level_47_1.json in Resources */,
				A33074F31AA368C8006054E3 /* Level_26_1.json in Resources */,
				A33074FD1AA368C8006054E3 /* Level_35_1.json in Resources */,
				A3CDD33F1AB9A87800AB75B4 /* refresh.png in Resources */,
				A33075211AA36923006054E3 /* Level_57_1.json in Resources */,
				A3C891A719E428D500A12D36 /* stage_1.json in Resources */,
				A33074E71AA368C8006054E3 /* Level_15_1.json in Resources */,
				A33074FA1AA368C8006054E3 /* Level_32_1.json in Resources */,
				A33074F41AA368C8006054E3 /* Level_27_1.json in Resources */,
				A33074F11AA368C8006054E3 /* Level_24_1.json in Resources */,
				A33074E91AA368C8006054E3 /* Level_17_1.json in Resources */,
				A3CDD3411AB9A87800AB75B4 /* speaker_off.png in Resources */,
				A33074FB1AA368C8006054E3 /* Level_33_1.json in Resources */,
				A33074E21AA368C7006054E3 /* Level_10_1.json in Resources */,
				A33074F81AA368C8006054E3 /* Level_30_1.json in Resources */,
				A33074EE1AA368C8006054E3 /* Level_21_1.json in Resources */,
				A3D55A861ABB18C700F2D987 /* crown@2x.png in Resources */,
				A3CC20C719D6C9520067A847 /* Images.xcassets in Resources */,
				A33075171AA368C8006054E3 /* Level_8_1.json in Resources */,
				A3CC20BF19D6C9520067A847 /* GameScene.sks in Resources */,
				A33075221AA36923006054E3 /* Level_58_1.json in Resources */,
				A33074FF1AA368C8006054E3 /* Level_37_1.json in Resources */,
				A33075061AA368C8006054E3 /* Level_43_1.json in Resources */,
				A3CC20C519D6C9520067A847 /* Main.storyboard in Resources */,
				A33075071AA368C8006054E3 /* Level_44_1.json in Resources */,
				48D5B43B1AC05F11008D370E /* Main_iPad.storyboard in Resources */,
				A330750F1AA368C8006054E3 /* Level_51_1.json in Resources */,
				A33075031AA368C8006054E3 /* Level_40_1.json in Resources */,
				A33075141AA368C8006054E3 /* Level_5_1.json in Resources */,
				A33075131AA368C8006054E3 /* Level_55_1.json in Resources */,
				A33075241AA36923006054E3 /* Level_60_1.json in Resources */,
				A33074F61AA368C8006054E3 /* Level_29_1.json in Resources */,
				A33075151AA368C8006054E3 /* Level_6_1.json in Resources */,
				A33074EF1AA368C8006054E3 /* Level_22_1.json in Resources */,
				A33075001AA368C8006054E3 /* Level_38_1.json in Resources */,
				A33075111AA368C8006054E3 /* Level_53_1.json in Resources */,
				A330750E1AA368C8006054E3 /* Level_50_1.json in Resources */,
				A33074ED1AA368C8006054E3 /* Level_20_1.json in Resources */,
				A33075051AA368C8006054E3 /* Level_42_1.json in Resources */,
				A3CDD33A1AB9A87800AB75B4 /* game_center.png in Resources */,
				A33074F91AA368C8006054E3 /* Level_31_1.json in Resources */,
				A33075041AA368C8006054E3 /* Level_41_1.json in Resources */,
				A33074F71AA368C8006054E3 /* Level_2_1.json in Resources */,
				A33074E81AA368C8006054E3 /* Level_16_1.json in Resources */,
				A3CDD3421AB9A87800AB75B4 /* tell_a_friend.png in Resources */,
				A3CDD33C1AB9A87800AB75B4 /* music_off.png in Resources */,
				A330750D1AA368C8006054E3 /* Level_4_1.json in Resources */,
				A33074E31AA368C8006054E3 /* Level_11_1.json in Resources */,
				A3D55A851ABB18C700F2D987 /* crown.png in Resources */,
				A3D55A881ABB1ECF00F2D987 /* round_bg.png in Resources */,
				A33074EA1AA368C8006054E3 /* Level_18_1.json in Resources */,
				A3CDD3391AB9A87800AB75B4 /* exit.png in Resources */,
				A3D55A801ABB0BB700F2D987 /* GameOverViewController.xib in Resources */,
				A3CDD3381AB9A87800AB75B4 /* back_to_home.png in Resources */,
				A33075091AA368C8006054E3 /* Level_46_1.json in Resources */,
				A330750C1AA368C8006054E3 /* Level_49_1.json in Resources */,
				A33074F21AA368C8006054E3 /* Level_25_1.json in Resources */,
				A33074E41AA368C8006054E3 /* Level_12_1.json in Resources */,
				A3CDD34F1AB9ABFC00AB75B4 /* Localizable.strings in Resources */,
				A33074E61AA368C8006054E3 /* Level_14_1.json in Resources */,
				A3CDD3401AB9A87800AB75B4 /* speakar_on.png in Resources */,
				A3CDD33B1AB9A87800AB75B4 /* how_to_play.png in Resources */,
				A33074EC1AA368C8006054E3 /* Level_1_1.json in Resources */,
				A3CDD33E1AB9A87800AB75B4 /* rate_us.png in Resources */,
				A33075121AA368C8006054E3 /* Level_54_1.json in Resources */,
				A33075231AA36923006054E3 /* Level_59_1.json in Resources */,
				A33075161AA368C8006054E3 /* Level_7_1.json in Resources */,
				A330750B1AA368C8006054E3 /* Level_48_1.json in Resources */,
				A33074EB1AA368C8006054E3 /* Level_19_1.json in Resources */,
				A3D55A821ABB106B00F2D987 /* btn_bg.png in Resources */,
				A33074FE1AA368C8006054E3 /* Level_36_1.json in Resources */,
				A33075181AA368C8006054E3 /* Level_9_1.json in Resources */,
				A33074F51AA368C8006054E3 /* Level_28_1.json in Resources */,
				A33074FC1AA368C8006054E3 /* Level_34_1.json in Resources */,
				A330AC851AC3B1F4007C2EE7 /* iAdViewController.xib in Resources */,
				A33075011AA368C8006054E3 /* Level_39_1.json in Resources */,
				A33075081AA368C8006054E3 /* Level_45_1.json in Resources */,
			);
			runOnlyForDeploymentPostprocessing = 0;
		};
/* End PBXResourcesBuildPhase section */

/* Begin PBXShellScriptBuildPhase section */
		A364EF5019EFFEC7005EF1D6 /* Run Script */ = {
			isa = PBXShellScriptBuildPhase;
			buildActionMask = 2147483647;
			files = (
			);
			inputPaths = (
			);
			name = "Run Script";
			outputPaths = (
			);
			runOnlyForDeploymentPostprocessing = 0;
			shellPath = /bin/sh;
			shellScript = "./Crashlytics.framework/run ef1df6810a8ae85dc6971ad31a2311a71214d012 c6faaa2cc18e8a76c8c012d105a704a016c7f22a38ce681934ab9d777a54e1d0";
		};
/* End PBXShellScriptBuildPhase section */

/* Begin PBXSourcesBuildPhase section */
		A3CC20AD19D6C9520067A847 /* Sources */ = {
			isa = PBXSourcesBuildPhase;
			buildActionMask = 2147483647;
			files = (
				A3CC20C219D6C9520067A847 /* GameViewController.m in Sources */,
				A3CC20F919DAF3B20067A847 /* WUNLevel.m in Sources */,
				A3C891BA19E5932400A12D36 /* MailComposerManager.m in Sources */,
				A3CC20F819DAF3B20067A847 /* WUNObject.m in Sources */,
				A3D55A7F1ABB0BB700F2D987 /* GameOverViewController.m in Sources */,
				A3CC20BA19D6C9520067A847 /* AppDelegate.m in Sources */,
				A36F9A3E19DD9E5800419500 /* WUNWall.m in Sources */,
				A364EF7919F01D75005EF1D6 /* GameStateManager.m in Sources */,
				A369340B1A2CB52B001C9BB1 /* WUNObstacle.m in Sources */,
				A3CC20BD19D6C9520067A847 /* GameScene.m in Sources */,
				A36F9A4119DD9E6C00419500 /* WUNHole.m in Sources */,
				A36F9A3B19DD9E4100419500 /* WUNSmily.m in Sources */,
				A3C891B319E42F1800A12D36 /* Utility.m in Sources */,
				A330AC841AC3B1F4007C2EE7 /* iAdViewController.m in Sources */,
				A3C891AD19E42A5D00A12D36 /* LevelSelectionViewController.m in Sources */,
				A330AC831AC3B1F4007C2EE7 /* CustomActivityProvider.m in Sources */,
				A3C891B619E42FDD00A12D36 /* WUNLevelModel.m in Sources */,
				A3C891B019E42DD200A12D36 /* CustomCollectionViewCell.m in Sources */,
				A36934111A2CB9E5001C9BB1 /* WUNObstacle1.m in Sources */,
				A3CC20EE19D6E0FB0067A847 /* GameConfigManager.m in Sources */,
				A3C891AA19E4298B00A12D36 /* WUNStageModel.m in Sources */,
				A3CC20B719D6C9520067A847 /* main.m in Sources */,
				A369340E1A2CB6DD001C9BB1 /* WUNBase.m in Sources */,
				A3CC20FA19DAF3B20067A847 /* WUNTile.m in Sources */,
				A3CC20FD19DAF5B90067A847 /* WUNSwap.m in Sources */,
			);
			runOnlyForDeploymentPostprocessing = 0;
		};
/* End PBXSourcesBuildPhase section */

/* Begin PBXVariantGroup section */
		48D5B4391AC05F11008D370E /* Main_iPad.storyboard */ = {
			isa = PBXVariantGroup;
			children = (
				48D5B43A1AC05F11008D370E /* Base */,
			);
			name = Main_iPad.storyboard;
			sourceTree = "<group>";
		};
		A3CC20C319D6C9520067A847 /* Main.storyboard */ = {
			isa = PBXVariantGroup;
			children = (
				A3CC20C419D6C9520067A847 /* Base */,
			);
			name = Main.storyboard;
			sourceTree = "<group>";
		};
		A3CC20C819D6C9520067A847 /* LaunchScreen.xib */ = {
			isa = PBXVariantGroup;
			children = (
				A3CC20C919D6C9520067A847 /* Base */,
			);
			name = LaunchScreen.xib;
			sourceTree = "<group>";
		};
		A3CDD3511AB9ABFC00AB75B4 /* Localizable.strings */ = {
			isa = PBXVariantGroup;
			children = (
				A3CDD3501AB9ABFC00AB75B4 /* Base */,
			);
			name = Localizable.strings;
			sourceTree = "<group>";
		};
/* End PBXVariantGroup section */

/* Begin XCBuildConfiguration section */
		A3CC20D719D6C9530067A847 /* Debug */ = {
			isa = XCBuildConfiguration;
			buildSettings = {
				ALWAYS_SEARCH_USER_PATHS = NO;
				CLANG_CXX_LANGUAGE_STANDARD = "gnu++0x";
				CLANG_CXX_LIBRARY = "libc++";
				CLANG_ENABLE_MODULES = YES;
				CLANG_ENABLE_OBJC_ARC = YES;
				CLANG_WARN_BOOL_CONVERSION = YES;
				CLANG_WARN_CONSTANT_CONVERSION = YES;
				CLANG_WARN_DIRECT_OBJC_ISA_USAGE = YES_ERROR;
				CLANG_WARN_EMPTY_BODY = YES;
				CLANG_WARN_ENUM_CONVERSION = YES;
				CLANG_WARN_INT_CONVERSION = YES;
				CLANG_WARN_OBJC_ROOT_CLASS = YES_ERROR;
				CLANG_WARN_UNREACHABLE_CODE = YES;
				CLANG_WARN__DUPLICATE_METHOD_MATCH = YES;
				"CODE_SIGN_IDENTITY[sdk=iphoneos*]" = "iPhone Developer";
				COPY_PHASE_STRIP = NO;
				ENABLE_STRICT_OBJC_MSGSEND = YES;
				GCC_C_LANGUAGE_STANDARD = gnu99;
				GCC_DYNAMIC_NO_PIC = NO;
				GCC_OPTIMIZATION_LEVEL = 0;
				GCC_PREPROCESSOR_DEFINITIONS = (
					"DEBUG=1",
					"$(inherited)",
				);
				GCC_SYMBOLS_PRIVATE_EXTERN = NO;
				GCC_WARN_64_TO_32_BIT_CONVERSION = YES;
				GCC_WARN_ABOUT_RETURN_TYPE = YES_ERROR;
				GCC_WARN_UNDECLARED_SELECTOR = YES;
				GCC_WARN_UNINITIALIZED_AUTOS = YES_AGGRESSIVE;
				GCC_WARN_UNUSED_FUNCTION = YES;
				GCC_WARN_UNUSED_VARIABLE = YES;
				IPHONEOS_DEPLOYMENT_TARGET = 8.0;
				MTL_ENABLE_DEBUG_INFO = YES;
				ONLY_ACTIVE_ARCH = YES;
				SDKROOT = iphoneos;
				TARGETED_DEVICE_FAMILY = "1,2";
			};
			name = Debug;
		};
		A3CC20D819D6C9530067A847 /* Release */ = {
			isa = XCBuildConfiguration;
			buildSettings = {
				ALWAYS_SEARCH_USER_PATHS = NO;
				CLANG_CXX_LANGUAGE_STANDARD = "gnu++0x";
				CLANG_CXX_LIBRARY = "libc++";
				CLANG_ENABLE_MODULES = YES;
				CLANG_ENABLE_OBJC_ARC = YES;
				CLANG_WARN_BOOL_CONVERSION = YES;
				CLANG_WARN_CONSTANT_CONVERSION = YES;
				CLANG_WARN_DIRECT_OBJC_ISA_USAGE = YES_ERROR;
				CLANG_WARN_EMPTY_BODY = YES;
				CLANG_WARN_ENUM_CONVERSION = YES;
				CLANG_WARN_INT_CONVERSION = YES;
				CLANG_WARN_OBJC_ROOT_CLASS = YES_ERROR;
				CLANG_WARN_UNREACHABLE_CODE = YES;
				CLANG_WARN__DUPLICATE_METHOD_MATCH = YES;
				"CODE_SIGN_IDENTITY[sdk=iphoneos*]" = "iPhone Developer";
				COPY_PHASE_STRIP = YES;
				ENABLE_NS_ASSERTIONS = NO;
				ENABLE_STRICT_OBJC_MSGSEND = YES;
				GCC_C_LANGUAGE_STANDARD = gnu99;
				GCC_WARN_64_TO_32_BIT_CONVERSION = YES;
				GCC_WARN_ABOUT_RETURN_TYPE = YES_ERROR;
				GCC_WARN_UNDECLARED_SELECTOR = YES;
				GCC_WARN_UNINITIALIZED_AUTOS = YES_AGGRESSIVE;
				GCC_WARN_UNUSED_FUNCTION = YES;
				GCC_WARN_UNUSED_VARIABLE = YES;
				IPHONEOS_DEPLOYMENT_TARGET = 8.0;
				MTL_ENABLE_DEBUG_INFO = NO;
				SDKROOT = iphoneos;
				TARGETED_DEVICE_FAMILY = "1,2";
				VALIDATE_PRODUCT = YES;
			};
			name = Release;
		};
		A3CC20DA19D6C9530067A847 /* Debug */ = {
			isa = XCBuildConfiguration;
			buildSettings = {
				ASSETCATALOG_COMPILER_APPICON_NAME = AppIcon;
				FRAMEWORK_SEARCH_PATHS = (
					"$(inherited)",
					"$(PROJECT_DIR)",
				);
				GCC_PRECOMPILE_PREFIX_HEADER = YES;
				GCC_PREFIX_HEADER = wakemeup/WakeMeUp.pch;
				INFOPLIST_FILE = wakemeup/Info.plist;
				IPHONEOS_DEPLOYMENT_TARGET = 7.0;
				LD_RUNPATH_SEARCH_PATHS = "$(inherited) @executable_path/Frameworks";
				PRODUCT_NAME = "$(TARGET_NAME)";
				PROVISIONING_PROFILE = "186877c0-4e2a-4067-9857-06e00aac00dd";
				TARGETED_DEVICE_FAMILY = "1,2";
			};
			name = Debug;
		};
		A3CC20DB19D6C9530067A847 /* Release */ = {
			isa = XCBuildConfiguration;
			buildSettings = {
				ASSETCATALOG_COMPILER_APPICON_NAME = AppIcon;
				FRAMEWORK_SEARCH_PATHS = (
					"$(inherited)",
					"$(PROJECT_DIR)",
				);
				GCC_PRECOMPILE_PREFIX_HEADER = YES;
				GCC_PREFIX_HEADER = wakemeup/WakeMeUp.pch;
				INFOPLIST_FILE = wakemeup/Info.plist;
				IPHONEOS_DEPLOYMENT_TARGET = 7.0;
				LD_RUNPATH_SEARCH_PATHS = "$(inherited) @executable_path/Frameworks";
				PRODUCT_NAME = "$(TARGET_NAME)";
				PROVISIONING_PROFILE = "9531152d-3c24-4c1c-898a-7da54719cee1";
				TARGETED_DEVICE_FAMILY = "1,2";
			};
			name = Release;
		};
/* End XCBuildConfiguration section */

/* Begin XCConfigurationList section */
		A3CC20AC19D6C9520067A847 /* Build configuration list for PBXProject "WakeMeUp" */ = {
			isa = XCConfigurationList;
			buildConfigurations = (
				A3CC20D719D6C9530067A847 /* Debug */,
				A3CC20D819D6C9530067A847 /* Release */,
			);
			defaultConfigurationIsVisible = 0;
			defaultConfigurationName = Release;
		};
		A3CC20D919D6C9530067A847 /* Build configuration list for PBXNativeTarget "wakemeup" */ = {
			isa = XCConfigurationList;
			buildConfigurations = (
				A3CC20DA19D6C9530067A847 /* Debug */,
				A3CC20DB19D6C9530067A847 /* Release */,
			);
			defaultConfigurationIsVisible = 0;
			defaultConfigurationName = Release;
		};
/* End XCConfigurationList section */
	};
	rootObject = A3CC20A919D6C9520067A847 /* Project object */;
}
